// !$*UTF8*$!
{
	archiveVersion = 1;
	classes = {
	};
	objectVersion = 50;
	objects = {

/* Begin PBXBuildFile section */
		18181CAE212996AA0077DA69 /* AppDelegate.swift in Sources */ = {isa = PBXBuildFile; fileRef = 18181CAD212996AA0077DA69 /* AppDelegate.swift */; };
		18181CB3212996AA0077DA69 /* Main.storyboard in Resources */ = {isa = PBXBuildFile; fileRef = 18181CB1212996AA0077DA69 /* Main.storyboard */; };
		18181CB5212996AC0077DA69 /* Assets.xcassets in Resources */ = {isa = PBXBuildFile; fileRef = 18181CB4212996AC0077DA69 /* Assets.xcassets */; };
		18181CB8212996AC0077DA69 /* LaunchScreen.storyboard in Resources */ = {isa = PBXBuildFile; fileRef = 18181CB6212996AC0077DA69 /* LaunchScreen.storyboard */; };
		18573C2A21490D0D00BB3436 /* Constants.swift in Sources */ = {isa = PBXBuildFile; fileRef = 18573C2921490D0D00BB3436 /* Constants.swift */; };
		1865A5D7213E83E50082E442 /* credentials.plist in Resources */ = {isa = PBXBuildFile; fileRef = 1865A5D6213E83E50082E442 /* credentials.plist */; };
		187B6F09214F9A6B00BD6AC2 /* LoginLayout.swift in Sources */ = {isa = PBXBuildFile; fileRef = 187B6F08214F9A6B00BD6AC2 /* LoginLayout.swift */; };
		187B6F0B214FA1C300BD6AC2 /* BaseLayout.swift in Sources */ = {isa = PBXBuildFile; fileRef = 187B6F0A214FA1C300BD6AC2 /* BaseLayout.swift */; };
		187B6F0D214FA54000BD6AC2 /* SocialButton.swift in Sources */ = {isa = PBXBuildFile; fileRef = 187B6F0C214FA54000BD6AC2 /* SocialButton.swift */; };
		187B6F0F214FA82200BD6AC2 /* LoginPresenter.swift in Sources */ = {isa = PBXBuildFile; fileRef = 187B6F0E214FA82200BD6AC2 /* LoginPresenter.swift */; };
		189E0EE32157A65600FE0237 /* CustomPasswordTF.swift in Sources */ = {isa = PBXBuildFile; fileRef = 189E0EE22157A65600FE0237 /* CustomPasswordTF.swift */; };
		189F28C4215918CD00BFEED0 /* CustomButton.swift in Sources */ = {isa = PBXBuildFile; fileRef = 189F28C3215918CD00BFEED0 /* CustomButton.swift */; };
		189F28C6215922AC00BFEED0 /* CustomTextField.swift in Sources */ = {isa = PBXBuildFile; fileRef = 189F28C5215922AC00BFEED0 /* CustomTextField.swift */; };
		18AA913F21523A9400F50D2D /* ForgetPasswordResetVC.swift in Sources */ = {isa = PBXBuildFile; fileRef = 18AA913E21523A9400F50D2D /* ForgetPasswordResetVC.swift */; };
		18AA91432152983400F50D2D /* ChangePasswordVC.swift in Sources */ = {isa = PBXBuildFile; fileRef = 18AA91422152983400F50D2D /* ChangePasswordVC.swift */; };
		18AA91452152985500F50D2D /* ChangePasswordLayout.swift in Sources */ = {isa = PBXBuildFile; fileRef = 18AA91442152985500F50D2D /* ChangePasswordLayout.swift */; };
		18D246E421538586001ACB68 /* ForgetPasswordResetLayout.swift in Sources */ = {isa = PBXBuildFile; fileRef = 18D246E321538586001ACB68 /* ForgetPasswordResetLayout.swift */; };
		18D246E621538626001ACB68 /* ForgetPasswordVerificationVC.swift in Sources */ = {isa = PBXBuildFile; fileRef = 18D246E521538626001ACB68 /* ForgetPasswordVerificationVC.swift */; };
		18D246E821538654001ACB68 /* ForgetPasswordVerificationLayout.swift in Sources */ = {isa = PBXBuildFile; fileRef = 18D246E721538654001ACB68 /* ForgetPasswordVerificationLayout.swift */; };
		18D246EA215386D3001ACB68 /* ForgetPasswordVC.swift in Sources */ = {isa = PBXBuildFile; fileRef = 18D246E9215386D3001ACB68 /* ForgetPasswordVC.swift */; };
		18D246EC215386EC001ACB68 /* ForgetPasswordLayout.swift in Sources */ = {isa = PBXBuildFile; fileRef = 18D246EB215386EC001ACB68 /* ForgetPasswordLayout.swift */; };
		18D246EE215394E8001ACB68 /* LoginVC.swift in Sources */ = {isa = PBXBuildFile; fileRef = 18D246ED215394E8001ACB68 /* LoginVC.swift */; };
		18D246F021539D93001ACB68 /* AppColors.swift in Sources */ = {isa = PBXBuildFile; fileRef = 18D246EF21539D93001ACB68 /* AppColors.swift */; };
		18D246FD2153BDC3001ACB68 /* Localizable.strings in Resources */ = {isa = PBXBuildFile; fileRef = 18D246FF2153BDC3001ACB68 /* Localizable.strings */; };
		EEF090083994ABDA36393A17 /* Pods_SocialSignIn.framework in Frameworks */ = {isa = PBXBuildFile; fileRef = 489D8B4ED91E0FAF5886AC28 /* Pods_SocialSignIn.framework */; };
/* End PBXBuildFile section */

/* Begin PBXFileReference section */
		18181CAA212996AA0077DA69 /* SocialSignIn.app */ = {isa = PBXFileReference; explicitFileType = wrapper.application; includeInIndex = 0; path = SocialSignIn.app; sourceTree = BUILT_PRODUCTS_DIR; };
		18181CAD212996AA0077DA69 /* AppDelegate.swift */ = {isa = PBXFileReference; lastKnownFileType = sourcecode.swift; path = AppDelegate.swift; sourceTree = "<group>"; };
		18181CB2212996AA0077DA69 /* Base */ = {isa = PBXFileReference; lastKnownFileType = file.storyboard; name = Base; path = Base.lproj/Main.storyboard; sourceTree = "<group>"; };
		18181CB4212996AC0077DA69 /* Assets.xcassets */ = {isa = PBXFileReference; lastKnownFileType = folder.assetcatalog; path = Assets.xcassets; sourceTree = "<group>"; };
		18181CB7212996AC0077DA69 /* Base */ = {isa = PBXFileReference; lastKnownFileType = file.storyboard; name = Base; path = Base.lproj/LaunchScreen.storyboard; sourceTree = "<group>"; };
		18181CB9212996AC0077DA69 /* Info.plist */ = {isa = PBXFileReference; lastKnownFileType = text.plist.xml; path = Info.plist; sourceTree = "<group>"; };
		18573C2921490D0D00BB3436 /* Constants.swift */ = {isa = PBXFileReference; lastKnownFileType = sourcecode.swift; path = Constants.swift; sourceTree = "<group>"; };
		1865A5D6213E83E50082E442 /* credentials.plist */ = {isa = PBXFileReference; fileEncoding = 4; lastKnownFileType = text.plist.xml; path = credentials.plist; sourceTree = "<group>"; };
		187B6F08214F9A6B00BD6AC2 /* LoginLayout.swift */ = {isa = PBXFileReference; lastKnownFileType = sourcecode.swift; path = LoginLayout.swift; sourceTree = "<group>"; };
		187B6F0A214FA1C300BD6AC2 /* BaseLayout.swift */ = {isa = PBXFileReference; lastKnownFileType = sourcecode.swift; path = BaseLayout.swift; sourceTree = "<group>"; };
		187B6F0C214FA54000BD6AC2 /* SocialButton.swift */ = {isa = PBXFileReference; lastKnownFileType = sourcecode.swift; path = SocialButton.swift; sourceTree = "<group>"; };
		187B6F0E214FA82200BD6AC2 /* LoginPresenter.swift */ = {isa = PBXFileReference; lastKnownFileType = sourcecode.swift; path = LoginPresenter.swift; sourceTree = "<group>"; };
		189E0EE22157A65600FE0237 /* CustomPasswordTF.swift */ = {isa = PBXFileReference; lastKnownFileType = sourcecode.swift; path = CustomPasswordTF.swift; sourceTree = "<group>"; };
		189F28C3215918CD00BFEED0 /* CustomButton.swift */ = {isa = PBXFileReference; lastKnownFileType = sourcecode.swift; path = CustomButton.swift; sourceTree = "<group>"; };
		189F28C5215922AC00BFEED0 /* CustomTextField.swift */ = {isa = PBXFileReference; lastKnownFileType = sourcecode.swift; path = CustomTextField.swift; sourceTree = "<group>"; };
		18AA913E21523A9400F50D2D /* ForgetPasswordResetVC.swift */ = {isa = PBXFileReference; lastKnownFileType = sourcecode.swift; path = ForgetPasswordResetVC.swift; sourceTree = "<group>"; };
		18AA91422152983400F50D2D /* ChangePasswordVC.swift */ = {isa = PBXFileReference; lastKnownFileType = sourcecode.swift; path = ChangePasswordVC.swift; sourceTree = "<group>"; };
		18AA91442152985500F50D2D /* ChangePasswordLayout.swift */ = {isa = PBXFileReference; lastKnownFileType = sourcecode.swift; path = ChangePasswordLayout.swift; sourceTree = "<group>"; };
		18D246E321538586001ACB68 /* ForgetPasswordResetLayout.swift */ = {isa = PBXFileReference; fileEncoding = 4; lastKnownFileType = sourcecode.swift; path = ForgetPasswordResetLayout.swift; sourceTree = "<group>"; };
		18D246E521538626001ACB68 /* ForgetPasswordVerificationVC.swift */ = {isa = PBXFileReference; lastKnownFileType = sourcecode.swift; path = ForgetPasswordVerificationVC.swift; sourceTree = "<group>"; };
		18D246E721538654001ACB68 /* ForgetPasswordVerificationLayout.swift */ = {isa = PBXFileReference; lastKnownFileType = sourcecode.swift; path = ForgetPasswordVerificationLayout.swift; sourceTree = "<group>"; };
		18D246E9215386D3001ACB68 /* ForgetPasswordVC.swift */ = {isa = PBXFileReference; lastKnownFileType = sourcecode.swift; path = ForgetPasswordVC.swift; sourceTree = "<group>"; };
		18D246EB215386EC001ACB68 /* ForgetPasswordLayout.swift */ = {isa = PBXFileReference; lastKnownFileType = sourcecode.swift; path = ForgetPasswordLayout.swift; sourceTree = "<group>"; };
		18D246ED215394E8001ACB68 /* LoginVC.swift */ = {isa = PBXFileReference; fileEncoding = 4; lastKnownFileType = sourcecode.swift; path = LoginVC.swift; sourceTree = "<group>"; };
		18D246EF21539D93001ACB68 /* AppColors.swift */ = {isa = PBXFileReference; lastKnownFileType = sourcecode.swift; path = AppColors.swift; sourceTree = "<group>"; };
		18D246F12153BC15001ACB68 /* ar */ = {isa = PBXFileReference; lastKnownFileType = text.plist.strings; name = ar; path = ar.lproj/Main.strings; sourceTree = "<group>"; };
		18D246F22153BC15001ACB68 /* ar */ = {isa = PBXFileReference; lastKnownFileType = text.plist.strings; name = ar; path = ar.lproj/LaunchScreen.strings; sourceTree = "<group>"; };
		18D246FE2153BDC3001ACB68 /* ar */ = {isa = PBXFileReference; lastKnownFileType = text.plist.strings; name = ar; path = ar.lproj/Localizable.strings; sourceTree = "<group>"; };
		18D247002153BE0C001ACB68 /* Base */ = {isa = PBXFileReference; lastKnownFileType = text.plist.strings; name = Base; path = Base.lproj/Localizable.strings; sourceTree = "<group>"; };
		489D8B4ED91E0FAF5886AC28 /* Pods_SocialSignIn.framework */ = {isa = PBXFileReference; explicitFileType = wrapper.framework; includeInIndex = 0; path = Pods_SocialSignIn.framework; sourceTree = BUILT_PRODUCTS_DIR; };
		86064CFC70306DDFB7B629BE /* Pods-SocialSignIn.release.xcconfig */ = {isa = PBXFileReference; includeInIndex = 1; lastKnownFileType = text.xcconfig; name = "Pods-SocialSignIn.release.xcconfig"; path = "Pods/Target Support Files/Pods-SocialSignIn/Pods-SocialSignIn.release.xcconfig"; sourceTree = "<group>"; };
		F7536EAA857E5340E8FA9A1E /* Pods-SocialSignIn.debug.xcconfig */ = {isa = PBXFileReference; includeInIndex = 1; lastKnownFileType = text.xcconfig; name = "Pods-SocialSignIn.debug.xcconfig"; path = "Pods/Target Support Files/Pods-SocialSignIn/Pods-SocialSignIn.debug.xcconfig"; sourceTree = "<group>"; };
/* End PBXFileReference section */

/* Begin PBXFrameworksBuildPhase section */
		18181CA7212996AA0077DA69 /* Frameworks */ = {
			isa = PBXFrameworksBuildPhase;
			buildActionMask = 2147483647;
			files = (
				EEF090083994ABDA36393A17 /* Pods_SocialSignIn.framework in Frameworks */,
			);
			runOnlyForDeploymentPostprocessing = 0;
		};
/* End PBXFrameworksBuildPhase section */

/* Begin PBXGroup section */
		181348AB2150FEEF001A7806 /* Login */ = {
			isa = PBXGroup;
			children = (
				18D246ED215394E8001ACB68 /* LoginVC.swift */,
				187B6F0E214FA82200BD6AC2 /* LoginPresenter.swift */,
				187B6F08214F9A6B00BD6AC2 /* LoginLayout.swift */,
			);
			path = Login;
			sourceTree = "<group>";
		};
		181348AD2150FFD3001A7806 /* Change Password */ = {
			isa = PBXGroup;
			children = (
				18AA91422152983400F50D2D /* ChangePasswordVC.swift */,
				18AA91442152985500F50D2D /* ChangePasswordLayout.swift */,
			);
			path = "Change Password";
			sourceTree = "<group>";
		};
		18181CA1212996AA0077DA69 = {
			isa = PBXGroup;
			children = (
				18181CAC212996AA0077DA69 /* SocialSignIn */,
				18D246F52153BCB4001ACB68 /* Language */,
				187B6F07214F99F300BD6AC2 /* Support */,
				18181CAB212996AA0077DA69 /* Products */,
				86C58858262A34FEDDB99CBD /* Pods */,
				670B989EF36577BF9453166E /* Frameworks */,
			);
			sourceTree = "<group>";
		};
		18181CAB212996AA0077DA69 /* Products */ = {
			isa = PBXGroup;
			children = (
				18181CAA212996AA0077DA69 /* SocialSignIn.app */,
			);
			name = Products;
			sourceTree = "<group>";
		};
		18181CAC212996AA0077DA69 /* SocialSignIn */ = {
			isa = PBXGroup;
			children = (
				189F28C721592E0100BFEED0 /* Custom Views */,
				18181CB9212996AC0077DA69 /* Info.plist */,
				18AA913D215239EE00F50D2D /* Forget Password */,
				181348AB2150FEEF001A7806 /* Login */,
				181348AD2150FFD3001A7806 /* Change Password */,
			);
			path = SocialSignIn;
			sourceTree = "<group>";
		};
		187B6F07214F99F300BD6AC2 /* Support */ = {
			isa = PBXGroup;
			children = (
				18573C2921490D0D00BB3436 /* Constants.swift */,
				18181CB1212996AA0077DA69 /* Main.storyboard */,
				18181CB4212996AC0077DA69 /* Assets.xcassets */,
				18181CB6212996AC0077DA69 /* LaunchScreen.storyboard */,
				1865A5D6213E83E50082E442 /* credentials.plist */,
				18181CAD212996AA0077DA69 /* AppDelegate.swift */,
			);
			path = Support;
			sourceTree = "<group>";
		};
		189F28C721592E0100BFEED0 /* Custom Views */ = {
			isa = PBXGroup;
			children = (
				189F28C5215922AC00BFEED0 /* CustomTextField.swift */,
				189F28C3215918CD00BFEED0 /* CustomButton.swift */,
				189E0EE22157A65600FE0237 /* CustomPasswordTF.swift */,
				187B6F0C214FA54000BD6AC2 /* SocialButton.swift */,
				187B6F0A214FA1C300BD6AC2 /* BaseLayout.swift */,
				18D246EF21539D93001ACB68 /* AppColors.swift */,
			);
			path = "Custom Views";
			sourceTree = "<group>";
		};
		18AA913D215239EE00F50D2D /* Forget Password */ = {
			isa = PBXGroup;
			children = (
				18AA913E21523A9400F50D2D /* ForgetPasswordResetVC.swift */,
				18D246E321538586001ACB68 /* ForgetPasswordResetLayout.swift */,
				18D246E521538626001ACB68 /* ForgetPasswordVerificationVC.swift */,
				18D246E721538654001ACB68 /* ForgetPasswordVerificationLayout.swift */,
				18D246E9215386D3001ACB68 /* ForgetPasswordVC.swift */,
				18D246EB215386EC001ACB68 /* ForgetPasswordLayout.swift */,
			);
			path = "Forget Password";
			sourceTree = "<group>";
		};
		18D246F52153BCB4001ACB68 /* Language */ = {
			isa = PBXGroup;
			children = (
				18D246FF2153BDC3001ACB68 /* Localizable.strings */,
			);
			path = Language;
			sourceTree = "<group>";
		};
		670B989EF36577BF9453166E /* Frameworks */ = {
			isa = PBXGroup;
			children = (
				489D8B4ED91E0FAF5886AC28 /* Pods_SocialSignIn.framework */,
			);
			name = Frameworks;
			sourceTree = "<group>";
		};
		86C58858262A34FEDDB99CBD /* Pods */ = {
			isa = PBXGroup;
			children = (
				F7536EAA857E5340E8FA9A1E /* Pods-SocialSignIn.debug.xcconfig */,
				86064CFC70306DDFB7B629BE /* Pods-SocialSignIn.release.xcconfig */,
			);
			name = Pods;
			sourceTree = "<group>";
		};
/* End PBXGroup section */

/* Begin PBXNativeTarget section */
		18181CA9212996AA0077DA69 /* SocialSignIn */ = {
			isa = PBXNativeTarget;
			buildConfigurationList = 18181CBC212996AC0077DA69 /* Build configuration list for PBXNativeTarget "SocialSignIn" */;
			buildPhases = (
				702171B158F73B23A0A26393 /* [CP] Check Pods Manifest.lock */,
				18181CA6212996AA0077DA69 /* Sources */,
				18181CA7212996AA0077DA69 /* Frameworks */,
				18181CA8212996AA0077DA69 /* Resources */,
				F5EAC83D0FCAD340566A73A5 /* [CP] Embed Pods Frameworks */,
				CF069281B663984FA97EDF62 /* [CP] Copy Pods Resources */,
			);
			buildRules = (
			);
			dependencies = (
			);
			name = SocialSignIn;
			productName = SocialSignIn;
			productReference = 18181CAA212996AA0077DA69 /* SocialSignIn.app */;
			productType = "com.apple.product-type.application";
		};
/* End PBXNativeTarget section */

/* Begin PBXProject section */
		18181CA2212996AA0077DA69 /* Project object */ = {
			isa = PBXProject;
			attributes = {
				LastSwiftUpdateCheck = 0940;
				LastUpgradeCheck = 0940;
				ORGANIZATIONNAME = Hesham;
				TargetAttributes = {
					18181CA9212996AA0077DA69 = {
						CreatedOnToolsVersion = 9.4.1;
						LastSwiftMigration = 0940;
					};
				};
			};
			buildConfigurationList = 18181CA5212996AA0077DA69 /* Build configuration list for PBXProject "SocialSignIn" */;
			compatibilityVersion = "Xcode 9.3";
			developmentRegion = en;
			hasScannedForEncodings = 0;
			knownRegions = (
				en,
				Base,
			);
			mainGroup = 18181CA1212996AA0077DA69;
			productRefGroup = 18181CAB212996AA0077DA69 /* Products */;
			projectDirPath = "";
			projectRoot = "";
			targets = (
				18181CA9212996AA0077DA69 /* SocialSignIn */,
			);
		};
/* End PBXProject section */

/* Begin PBXResourcesBuildPhase section */
		18181CA8212996AA0077DA69 /* Resources */ = {
			isa = PBXResourcesBuildPhase;
			buildActionMask = 2147483647;
			files = (
				18D246FD2153BDC3001ACB68 /* Localizable.strings in Resources */,
				18181CB8212996AC0077DA69 /* LaunchScreen.storyboard in Resources */,
				1865A5D7213E83E50082E442 /* credentials.plist in Resources */,
				18181CB5212996AC0077DA69 /* Assets.xcassets in Resources */,
				18181CB3212996AA0077DA69 /* Main.storyboard in Resources */,
			);
			runOnlyForDeploymentPostprocessing = 0;
		};
/* End PBXResourcesBuildPhase section */

/* Begin PBXShellScriptBuildPhase section */
		702171B158F73B23A0A26393 /* [CP] Check Pods Manifest.lock */ = {
			isa = PBXShellScriptBuildPhase;
			buildActionMask = 2147483647;
			files = (
			);
			inputPaths = (
				"${PODS_PODFILE_DIR_PATH}/Podfile.lock",
				"${PODS_ROOT}/Manifest.lock",
			);
			name = "[CP] Check Pods Manifest.lock";
			outputPaths = (
				"$(DERIVED_FILE_DIR)/Pods-SocialSignIn-checkManifestLockResult.txt",
			);
			runOnlyForDeploymentPostprocessing = 0;
			shellPath = /bin/sh;
			shellScript = "diff \"${PODS_PODFILE_DIR_PATH}/Podfile.lock\" \"${PODS_ROOT}/Manifest.lock\" > /dev/null\nif [ $? != 0 ] ; then\n    # print error to STDERR\n    echo \"error: The sandbox is not in sync with the Podfile.lock. Run 'pod install' or update your CocoaPods installation.\" >&2\n    exit 1\nfi\n# This output is used by Xcode 'outputs' to avoid re-running this script phase.\necho \"SUCCESS\" > \"${SCRIPT_OUTPUT_FILE_0}\"\n";
			showEnvVarsInLog = 0;
		};
		CF069281B663984FA97EDF62 /* [CP] Copy Pods Resources */ = {
			isa = PBXShellScriptBuildPhase;
			buildActionMask = 2147483647;
			files = (
			);
			inputPaths = (
				"${SRCROOT}/Pods/Target Support Files/Pods-SocialSignIn/Pods-SocialSignIn-resources.sh",
				"${PODS_ROOT}/GoogleSignIn/Resources/GoogleSignIn.bundle",
				"${PODS_ROOT}/TwitterKit/iOS/TwitterKit.framework/TwitterKitResources.bundle",
			);
			name = "[CP] Copy Pods Resources";
			outputPaths = (
				"${TARGET_BUILD_DIR}/${UNLOCALIZED_RESOURCES_FOLDER_PATH}/GoogleSignIn.bundle",
				"${TARGET_BUILD_DIR}/${UNLOCALIZED_RESOURCES_FOLDER_PATH}/TwitterKitResources.bundle",
			);
			runOnlyForDeploymentPostprocessing = 0;
			shellPath = /bin/sh;
			shellScript = "\"${SRCROOT}/Pods/Target Support Files/Pods-SocialSignIn/Pods-SocialSignIn-resources.sh\"\n";
			showEnvVarsInLog = 0;
		};
		F5EAC83D0FCAD340566A73A5 /* [CP] Embed Pods Frameworks */ = {
			isa = PBXShellScriptBuildPhase;
			buildActionMask = 2147483647;
			files = (
			);
			inputPaths = (
				"${SRCROOT}/Pods/Target Support Files/Pods-SocialSignIn/Pods-SocialSignIn-frameworks.sh",
				"${BUILT_PRODUCTS_DIR}/AFNetworking/AFNetworking.framework",
				"${BUILT_PRODUCTS_DIR}/Bolts/Bolts.framework",
				"${BUILT_PRODUCTS_DIR}/FBSDKCoreKit/FBSDKCoreKit.framework",
				"${BUILT_PRODUCTS_DIR}/FBSDKLoginKit/FBSDKLoginKit.framework",
				"${BUILT_PRODUCTS_DIR}/GTMOAuth2/GTMOAuth2.framework",
				"${BUILT_PRODUCTS_DIR}/GTMSessionFetcher/GTMSessionFetcher.framework",
				"${BUILT_PRODUCTS_DIR}/GoogleToolboxForMac/GoogleToolboxForMac.framework",
				"${BUILT_PRODUCTS_DIR}/IOSLinkedInAPIFix/IOSLinkedInAPIFix.framework",
				"${BUILT_PRODUCTS_DIR}/InstagramLogin/InstagramLogin.framework",
				"${BUILT_PRODUCTS_DIR}/LinkedinSwift/LinkedinSwift.framework",
				"${BUILT_PRODUCTS_DIR}/Localize-Swift/Localize_Swift.framework",
				"${BUILT_PRODUCTS_DIR}/Material/Material.framework",
				"${BUILT_PRODUCTS_DIR}/Motion/Motion.framework",
				"${BUILT_PRODUCTS_DIR}/PasswordTextField/PasswordTextField.framework",
				"${BUILT_PRODUCTS_DIR}/SnapKit/SnapKit.framework",
				"${BUILT_PRODUCTS_DIR}/SwiftInstagram/SwiftInstagram.framework",
				"${PODS_ROOT}/TwitterCore/iOS/TwitterCore.framework",
				"${PODS_ROOT}/TwitterKit/iOS/TwitterKit.framework",
			);
			name = "[CP] Embed Pods Frameworks";
			outputPaths = (
				"${TARGET_BUILD_DIR}/${FRAMEWORKS_FOLDER_PATH}/AFNetworking.framework",
				"${TARGET_BUILD_DIR}/${FRAMEWORKS_FOLDER_PATH}/Bolts.framework",
				"${TARGET_BUILD_DIR}/${FRAMEWORKS_FOLDER_PATH}/FBSDKCoreKit.framework",
				"${TARGET_BUILD_DIR}/${FRAMEWORKS_FOLDER_PATH}/FBSDKLoginKit.framework",
				"${TARGET_BUILD_DIR}/${FRAMEWORKS_FOLDER_PATH}/GTMOAuth2.framework",
				"${TARGET_BUILD_DIR}/${FRAMEWORKS_FOLDER_PATH}/GTMSessionFetcher.framework",
				"${TARGET_BUILD_DIR}/${FRAMEWORKS_FOLDER_PATH}/GoogleToolboxForMac.framework",
				"${TARGET_BUILD_DIR}/${FRAMEWORKS_FOLDER_PATH}/IOSLinkedInAPIFix.framework",
				"${TARGET_BUILD_DIR}/${FRAMEWORKS_FOLDER_PATH}/InstagramLogin.framework",
				"${TARGET_BUILD_DIR}/${FRAMEWORKS_FOLDER_PATH}/LinkedinSwift.framework",
				"${TARGET_BUILD_DIR}/${FRAMEWORKS_FOLDER_PATH}/Localize_Swift.framework",
				"${TARGET_BUILD_DIR}/${FRAMEWORKS_FOLDER_PATH}/Material.framework",
				"${TARGET_BUILD_DIR}/${FRAMEWORKS_FOLDER_PATH}/Motion.framework",
				"${TARGET_BUILD_DIR}/${FRAMEWORKS_FOLDER_PATH}/PasswordTextField.framework",
				"${TARGET_BUILD_DIR}/${FRAMEWORKS_FOLDER_PATH}/SnapKit.framework",
				"${TARGET_BUILD_DIR}/${FRAMEWORKS_FOLDER_PATH}/SwiftInstagram.framework",
				"${TARGET_BUILD_DIR}/${FRAMEWORKS_FOLDER_PATH}/TwitterCore.framework",
				"${TARGET_BUILD_DIR}/${FRAMEWORKS_FOLDER_PATH}/TwitterKit.framework",
			);
			runOnlyForDeploymentPostprocessing = 0;
			shellPath = /bin/sh;
			shellScript = "\"${SRCROOT}/Pods/Target Support Files/Pods-SocialSignIn/Pods-SocialSignIn-frameworks.sh\"\n";
			showEnvVarsInLog = 0;
		};
/* End PBXShellScriptBuildPhase section */

/* Begin PBXSourcesBuildPhase section */
		18181CA6212996AA0077DA69 /* Sources */ = {
			isa = PBXSourcesBuildPhase;
			buildActionMask = 2147483647;
			files = (
				18AA913F21523A9400F50D2D /* ForgetPasswordResetVC.swift in Sources */,
				18D246EE215394E8001ACB68 /* LoginVC.swift in Sources */,
				189F28C4215918CD00BFEED0 /* CustomButton.swift in Sources */,
				18D246E421538586001ACB68 /* ForgetPasswordResetLayout.swift in Sources */,
				18D246F021539D93001ACB68 /* AppColors.swift in Sources */,
				189F28C6215922AC00BFEED0 /* CustomTextField.swift in Sources */,
				189E0EE32157A65600FE0237 /* CustomPasswordTF.swift in Sources */,
				187B6F0F214FA82200BD6AC2 /* LoginPresenter.swift in Sources */,
				18AA91432152983400F50D2D /* ChangePasswordVC.swift in Sources */,
				18AA91452152985500F50D2D /* ChangePasswordLayout.swift in Sources */,
				18D246E621538626001ACB68 /* ForgetPasswordVerificationVC.swift in Sources */,
				18181CAE212996AA0077DA69 /* AppDelegate.swift in Sources */,
				187B6F09214F9A6B00BD6AC2 /* LoginLayout.swift in Sources */,
				187B6F0B214FA1C300BD6AC2 /* BaseLayout.swift in Sources */,
				18573C2A21490D0D00BB3436 /* Constants.swift in Sources */,
				18D246E821538654001ACB68 /* ForgetPasswordVerificationLayout.swift in Sources */,
				18D246EC215386EC001ACB68 /* ForgetPasswordLayout.swift in Sources */,
				18D246EA215386D3001ACB68 /* ForgetPasswordVC.swift in Sources */,
				187B6F0D214FA54000BD6AC2 /* SocialButton.swift in Sources */,
			);
			runOnlyForDeploymentPostprocessing = 0;
		};
/* End PBXSourcesBuildPhase section */

/* Begin PBXVariantGroup section */
		18181CB1212996AA0077DA69 /* Main.storyboard */ = {
			isa = PBXVariantGroup;
			children = (
				18181CB2212996AA0077DA69 /* Base */,
				18D246F12153BC15001ACB68 /* ar */,
			);
			name = Main.storyboard;
			sourceTree = "<group>";
		};
		18181CB6212996AC0077DA69 /* LaunchScreen.storyboard */ = {
			isa = PBXVariantGroup;
			children = (
				18181CB7212996AC0077DA69 /* Base */,
				18D246F22153BC15001ACB68 /* ar */,
			);
			name = LaunchScreen.storyboard;
			sourceTree = "<group>";
		};
		18D246FF2153BDC3001ACB68 /* Localizable.strings */ = {
			isa = PBXVariantGroup;
			children = (
				18D246FE2153BDC3001ACB68 /* ar */,
				18D247002153BE0C001ACB68 /* Base */,
			);
			name = Localizable.strings;
			sourceTree = "<group>";
		};
/* End PBXVariantGroup section */

/* Begin XCBuildConfiguration section */
		18181CBA212996AC0077DA69 /* Debug */ = {
			isa = XCBuildConfiguration;
			buildSettings = {
				ALWAYS_SEARCH_USER_PATHS = NO;
				CLANG_ANALYZER_LOCALIZABILITY_NONLOCALIZED = YES;
				CLANG_ANALYZER_NONNULL = YES;
				CLANG_ANALYZER_NUMBER_OBJECT_CONVERSION = YES_AGGRESSIVE;
				CLANG_CXX_LANGUAGE_STANDARD = "gnu++14";
				CLANG_CXX_LIBRARY = "libc++";
				CLANG_ENABLE_MODULES = YES;
				CLANG_ENABLE_OBJC_ARC = YES;
				CLANG_ENABLE_OBJC_WEAK = YES;
				CLANG_WARN_BLOCK_CAPTURE_AUTORELEASING = YES;
				CLANG_WARN_BOOL_CONVERSION = YES;
				CLANG_WARN_COMMA = YES;
				CLANG_WARN_CONSTANT_CONVERSION = YES;
				CLANG_WARN_DEPRECATED_OBJC_IMPLEMENTATIONS = YES;
				CLANG_WARN_DIRECT_OBJC_ISA_USAGE = YES_ERROR;
				CLANG_WARN_DOCUMENTATION_COMMENTS = YES;
				CLANG_WARN_EMPTY_BODY = YES;
				CLANG_WARN_ENUM_CONVERSION = YES;
				CLANG_WARN_INFINITE_RECURSION = YES;
				CLANG_WARN_INT_CONVERSION = YES;
				CLANG_WARN_NON_LITERAL_NULL_CONVERSION = YES;
				CLANG_WARN_OBJC_IMPLICIT_RETAIN_SELF = YES;
				CLANG_WARN_OBJC_LITERAL_CONVERSION = YES;
				CLANG_WARN_OBJC_ROOT_CLASS = YES_ERROR;
				CLANG_WARN_RANGE_LOOP_ANALYSIS = YES;
				CLANG_WARN_STRICT_PROTOTYPES = YES;
				CLANG_WARN_SUSPICIOUS_MOVE = YES;
				CLANG_WARN_UNGUARDED_AVAILABILITY = YES_AGGRESSIVE;
				CLANG_WARN_UNREACHABLE_CODE = YES;
				CLANG_WARN__DUPLICATE_METHOD_MATCH = YES;
				CODE_SIGN_IDENTITY = "iPhone Developer";
				COPY_PHASE_STRIP = NO;
				DEBUG_INFORMATION_FORMAT = dwarf;
				ENABLE_STRICT_OBJC_MSGSEND = YES;
				ENABLE_TESTABILITY = YES;
				GCC_C_LANGUAGE_STANDARD = gnu11;
				GCC_DYNAMIC_NO_PIC = NO;
				GCC_NO_COMMON_BLOCKS = YES;
				GCC_OPTIMIZATION_LEVEL = 0;
				GCC_PREPROCESSOR_DEFINITIONS = (
					"DEBUG=1",
					"$(inherited)",
				);
				GCC_WARN_64_TO_32_BIT_CONVERSION = YES;
				GCC_WARN_ABOUT_RETURN_TYPE = YES_ERROR;
				GCC_WARN_UNDECLARED_SELECTOR = YES;
				GCC_WARN_UNINITIALIZED_AUTOS = YES_AGGRESSIVE;
				GCC_WARN_UNUSED_FUNCTION = YES;
				GCC_WARN_UNUSED_VARIABLE = YES;
				IPHONEOS_DEPLOYMENT_TARGET = 11.4;
				MTL_ENABLE_DEBUG_INFO = YES;
				ONLY_ACTIVE_ARCH = YES;
				SDKROOT = iphoneos;
				SWIFT_ACTIVE_COMPILATION_CONDITIONS = DEBUG;
				SWIFT_OPTIMIZATION_LEVEL = "-Onone";
			};
			name = Debug;
		};
		18181CBB212996AC0077DA69 /* Release */ = {
			isa = XCBuildConfiguration;
			buildSettings = {
				ALWAYS_SEARCH_USER_PATHS = NO;
				CLANG_ANALYZER_LOCALIZABILITY_NONLOCALIZED = YES;
				CLANG_ANALYZER_NONNULL = YES;
				CLANG_ANALYZER_NUMBER_OBJECT_CONVERSION = YES_AGGRESSIVE;
				CLANG_CXX_LANGUAGE_STANDARD = "gnu++14";
				CLANG_CXX_LIBRARY = "libc++";
				CLANG_ENABLE_MODULES = YES;
				CLANG_ENABLE_OBJC_ARC = YES;
				CLANG_ENABLE_OBJC_WEAK = YES;
				CLANG_WARN_BLOCK_CAPTURE_AUTORELEASING = YES;
				CLANG_WARN_BOOL_CONVERSION = YES;
				CLANG_WARN_COMMA = YES;
				CLANG_WARN_CONSTANT_CONVERSION = YES;
				CLANG_WARN_DEPRECATED_OBJC_IMPLEMENTATIONS = YES;
				CLANG_WARN_DIRECT_OBJC_ISA_USAGE = YES_ERROR;
				CLANG_WARN_DOCUMENTATION_COMMENTS = YES;
				CLANG_WARN_EMPTY_BODY = YES;
				CLANG_WARN_ENUM_CONVERSION = YES;
				CLANG_WARN_INFINITE_RECURSION = YES;
				CLANG_WARN_INT_CONVERSION = YES;
				CLANG_WARN_NON_LITERAL_NULL_CONVERSION = YES;
				CLANG_WARN_OBJC_IMPLICIT_RETAIN_SELF = YES;
				CLANG_WARN_OBJC_LITERAL_CONVERSION = YES;
				CLANG_WARN_OBJC_ROOT_CLASS = YES_ERROR;
				CLANG_WARN_RANGE_LOOP_ANALYSIS = YES;
				CLANG_WARN_STRICT_PROTOTYPES = YES;
				CLANG_WARN_SUSPICIOUS_MOVE = YES;
				CLANG_WARN_UNGUARDED_AVAILABILITY = YES_AGGRESSIVE;
				CLANG_WARN_UNREACHABLE_CODE = YES;
				CLANG_WARN__DUPLICATE_METHOD_MATCH = YES;
				CODE_SIGN_IDENTITY = "iPhone Developer";
				COPY_PHASE_STRIP = NO;
				DEBUG_INFORMATION_FORMAT = "dwarf-with-dsym";
				ENABLE_NS_ASSERTIONS = NO;
				ENABLE_STRICT_OBJC_MSGSEND = YES;
				GCC_C_LANGUAGE_STANDARD = gnu11;
				GCC_NO_COMMON_BLOCKS = YES;
				GCC_WARN_64_TO_32_BIT_CONVERSION = YES;
				GCC_WARN_ABOUT_RETURN_TYPE = YES_ERROR;
				GCC_WARN_UNDECLARED_SELECTOR = YES;
				GCC_WARN_UNINITIALIZED_AUTOS = YES_AGGRESSIVE;
				GCC_WARN_UNUSED_FUNCTION = YES;
				GCC_WARN_UNUSED_VARIABLE = YES;
				IPHONEOS_DEPLOYMENT_TARGET = 11.4;
				MTL_ENABLE_DEBUG_INFO = NO;
				SDKROOT = iphoneos;
				SWIFT_COMPILATION_MODE = wholemodule;
				SWIFT_OPTIMIZATION_LEVEL = "-O";
				VALIDATE_PRODUCT = YES;
			};
			name = Release;
		};
		18181CBD212996AC0077DA69 /* Debug */ = {
			isa = XCBuildConfiguration;
			baseConfigurationReference = F7536EAA857E5340E8FA9A1E /* Pods-SocialSignIn.debug.xcconfig */;
			buildSettings = {
				ASSETCATALOG_COMPILER_APPICON_NAME = AppIcon;
				CLANG_ENABLE_MODULES = YES;
				CODE_SIGN_STYLE = Automatic;
				DEVELOPMENT_TEAM = "";
				ENABLE_BITCODE = NO;
				FRAMEWORK_SEARCH_PATHS = (
					"$(inherited)",
					"$(PROJECT_DIR)",
				);
				INFOPLIST_FILE = SocialSignIn/Info.plist;
				LD_RUNPATH_SEARCH_PATHS = (
					"$(inherited)",
					"@executable_path/Frameworks",
				);
				PRODUCT_BUNDLE_IDENTIFIER = Code95.SocialSignIn;
				PRODUCT_NAME = "$(TARGET_NAME)";
				SWIFT_INSTALL_OBJC_HEADER = YES;
				SWIFT_OBJC_BRIDGING_HEADER = "";
				SWIFT_OPTIMIZATION_LEVEL = "-Onone";
				SWIFT_PRECOMPILE_BRIDGING_HEADER = YES;
				SWIFT_VERSION = 4.0;
				TARGETED_DEVICE_FAMILY = "1,2";
			};
			name = Debug;
		};
		18181CBE212996AC0077DA69 /* Release */ = {
			isa = XCBuildConfiguration;
			baseConfigurationReference = 86064CFC70306DDFB7B629BE /* Pods-SocialSignIn.release.xcconfig */;
			buildSettings = {
				ASSETCATALOG_COMPILER_APPICON_NAME = AppIcon;
				CLANG_ENABLE_MODULES = YES;
				CODE_SIGN_STYLE = Automatic;
				DEVELOPMENT_TEAM = "";
				ENABLE_BITCODE = NO;
				FRAMEWORK_SEARCH_PATHS = (
					"$(inherited)",
					"$(PROJECT_DIR)",
				);
				INFOPLIST_FILE = SocialSignIn/Info.plist;
				LD_RUNPATH_SEARCH_PATHS = (
					"$(inherited)",
					"@executable_path/Frameworks",
				);
				PRODUCT_BUNDLE_IDENTIFIER = Code95.SocialSignIn;
				PRODUCT_NAME = "$(TARGET_NAME)";
				SWIFT_INSTALL_OBJC_HEADER = YES;
				SWIFT_OBJC_BRIDGING_HEADER = "";
				SWIFT_PRECOMPILE_BRIDGING_HEADER = YES;
				SWIFT_VERSION = 4.0;
				TARGETED_DEVICE_FAMILY = "1,2";
			};
			name = Release;
		};
/* End XCBuildConfiguration section */

/* Begin XCConfigurationList section */
		18181CA5212996AA0077DA69 /* Build configuration list for PBXProject "SocialSignIn" */ = {
			isa = XCConfigurationList;
			buildConfigurations = (
				18181CBA212996AC0077DA69 /* Debug */,
				18181CBB212996AC0077DA69 /* Release */,
			);
			defaultConfigurationIsVisible = 0;
			defaultConfigurationName = Release;
		};
		18181CBC212996AC0077DA69 /* Build configuration list for PBXNativeTarget "SocialSignIn" */ = {
			isa = XCConfigurationList;
			buildConfigurations = (
				18181CBD212996AC0077DA69 /* Debug */,
				18181CBE212996AC0077DA69 /* Release */,
			);
			defaultConfigurationIsVisible = 0;
			defaultConfigurationName = Release;
		};
/* End XCConfigurationList section */
	};
	rootObject = 18181CA2212996AA0077DA69 /* Project object */;
}
